// !$*UTF8*$!
{
	archiveVersion = 1;
	classes = {
	};
	objectVersion = 52;
	objects = {

/* Begin PBXBuildFile section */
		0DD06C58047C7FE84252F275 /* Pods_Swift5IntroApp1.framework in Frameworks */ = {isa = PBXBuildFile; fileRef = 35C9D103E8C377D264FB49FE /* Pods_Swift5IntroApp1.framework */; };
		CE0C11B1262421D700D24B86 /* AppDelegate.swift in Sources */ = {isa = PBXBuildFile; fileRef = CE0C11B0262421D700D24B86 /* AppDelegate.swift */; };
		CE0C11B3262421D700D24B86 /* SceneDelegate.swift in Sources */ = {isa = PBXBuildFile; fileRef = CE0C11B2262421D700D24B86 /* SceneDelegate.swift */; };
		CE0C11B8262421D700D24B86 /* Main.storyboard in Resources */ = {isa = PBXBuildFile; fileRef = CE0C11B6262421D700D24B86 /* Main.storyboard */; };
		CE0C11BA262421DB00D24B86 /* Assets.xcassets in Resources */ = {isa = PBXBuildFile; fileRef = CE0C11B9262421DB00D24B86 /* Assets.xcassets */; };
		CE0C11BD262421DB00D24B86 /* LaunchScreen.storyboard in Resources */ = {isa = PBXBuildFile; fileRef = CE0C11BB262421DB00D24B86 /* LaunchScreen.storyboard */; };
		CE1C3CA2264D46650047CFEE /* ArticleModel.swift in Sources */ = {isa = PBXBuildFile; fileRef = CE1C3CA1264D46650047CFEE /* ArticleModel.swift */; };
		CE3C1B4526296BEF0040C259 /* LoginMovieViewController.swift in Sources */ = {isa = PBXBuildFile; fileRef = CE3C1B4426296BEF0040C259 /* LoginMovieViewController.swift */; };
		CE3C1B4B262970840040C259 /* start.mov in Resources */ = {isa = PBXBuildFile; fileRef = CE3C1B4A262970840040C259 /* start.mov */; };
		CE47D0F326294BC5009F0B82 /* 2.json in Resources */ = {isa = PBXBuildFile; fileRef = CE47D0EE26294BC4009F0B82 /* 2.json */; };
		CE47D0F426294BC5009F0B82 /* 4.json in Resources */ = {isa = PBXBuildFile; fileRef = CE47D0EF26294BC4009F0B82 /* 4.json */; };
		CE47D0F526294BC5009F0B82 /* 5.json in Resources */ = {isa = PBXBuildFile; fileRef = CE47D0F026294BC4009F0B82 /* 5.json */; };
		CE47D0F626294BC5009F0B82 /* 1.json in Resources */ = {isa = PBXBuildFile; fileRef = CE47D0F126294BC5009F0B82 /* 1.json */; };
		CE47D0F726294BC5009F0B82 /* 3.json in Resources */ = {isa = PBXBuildFile; fileRef = CE47D0F226294BC5009F0B82 /* 3.json */; };
		CE47D0FB26294C48009F0B82 /* IntroViewController.swift in Sources */ = {isa = PBXBuildFile; fileRef = CE47D0FA26294C48009F0B82 /* IntroViewController.swift */; };
		CE923EDE264B635C0091E714 /* Alamofire.xcframework in Embed Frameworks */ = {isa = PBXBuildFile; fileRef = CE47FCD9263BDEB100DDC1A6 /* Alamofire.xcframework */; settings = {ATTRIBUTES = (CodeSignOnCopy, RemoveHeadersOnCopy, ); }; };
		CE923EE0264B636C0091E714 /* Alamofire.xcframework in Frameworks */ = {isa = PBXBuildFile; fileRef = CE47FCD9263BDEB100DDC1A6 /* Alamofire.xcframework */; };
		CEB074602629B84C000E9D0F /* HomeViewController.swift in Sources */ = {isa = PBXBuildFile; fileRef = CEB0745F2629B84C000E9D0F /* HomeViewController.swift */; };
		CEB074672629BB7C000E9D0F /* NewsPageViewController.swift in Sources */ = {isa = PBXBuildFile; fileRef = CEB074662629BB7C000E9D0F /* NewsPageViewController.swift */; };
		CEB0746D2629D0D0000E9D0F /* WebViewController.swift in Sources */ = {isa = PBXBuildFile; fileRef = CEB0746C2629D0D0000E9D0F /* WebViewController.swift */; };
		CEC42F4D264A3563009FD7A5 /* URLModel.swift in Sources */ = {isa = PBXBuildFile; fileRef = CEC42F4C264A3563009FD7A5 /* URLModel.swift */; };
		CEECE8DF264A583D003A8343 /* TitleInSwitcherModel.swift in Sources */ = {isa = PBXBuildFile; fileRef = CEECE8DE264A583D003A8343 /* TitleInSwitcherModel.swift */; };
/* End PBXBuildFile section */

/* Begin PBXCopyFilesBuildPhase section */
		CE923EDF264B635C0091E714 /* Embed Frameworks */ = {
			isa = PBXCopyFilesBuildPhase;
			buildActionMask = 2147483647;
			dstPath = "";
			dstSubfolderSpec = 10;
			files = (
				CE923EDE264B635C0091E714 /* Alamofire.xcframework in Embed Frameworks */,
			);
			name = "Embed Frameworks";
			runOnlyForDeploymentPostprocessing = 0;
		};
/* End PBXCopyFilesBuildPhase section */

/* Begin PBXFileReference section */
		35C9D103E8C377D264FB49FE /* Pods_Swift5IntroApp1.framework */ = {isa = PBXFileReference; explicitFileType = wrapper.framework; includeInIndex = 0; path = Pods_Swift5IntroApp1.framework; sourceTree = BUILT_PRODUCTS_DIR; };
		AF85A3D3A714EEDB0CE3D457 /* Pods-Swift5IntroApp1.debug.xcconfig */ = {isa = PBXFileReference; includeInIndex = 1; lastKnownFileType = text.xcconfig; name = "Pods-Swift5IntroApp1.debug.xcconfig"; path = "Target Support Files/Pods-Swift5IntroApp1/Pods-Swift5IntroApp1.debug.xcconfig"; sourceTree = "<group>"; };
		CE0C11AD262421D700D24B86 /* Swift5IntroApp1.app */ = {isa = PBXFileReference; explicitFileType = wrapper.application; includeInIndex = 0; path = Swift5IntroApp1.app; sourceTree = BUILT_PRODUCTS_DIR; };
		CE0C11B0262421D700D24B86 /* AppDelegate.swift */ = {isa = PBXFileReference; lastKnownFileType = sourcecode.swift; path = AppDelegate.swift; sourceTree = "<group>"; };
		CE0C11B2262421D700D24B86 /* SceneDelegate.swift */ = {isa = PBXFileReference; lastKnownFileType = sourcecode.swift; path = SceneDelegate.swift; sourceTree = "<group>"; };
		CE0C11B7262421D700D24B86 /* Base */ = {isa = PBXFileReference; lastKnownFileType = file.storyboard; name = Base; path = Base.lproj/Main.storyboard; sourceTree = "<group>"; };
		CE0C11B9262421DB00D24B86 /* Assets.xcassets */ = {isa = PBXFileReference; lastKnownFileType = folder.assetcatalog; path = Assets.xcassets; sourceTree = "<group>"; };
		CE0C11BC262421DB00D24B86 /* Base */ = {isa = PBXFileReference; lastKnownFileType = file.storyboard; name = Base; path = Base.lproj/LaunchScreen.storyboard; sourceTree = "<group>"; };
		CE0C11BE262421DB00D24B86 /* Info.plist */ = {isa = PBXFileReference; lastKnownFileType = text.plist.xml; path = Info.plist; sourceTree = "<group>"; };
		CE1C3CA1264D46650047CFEE /* ArticleModel.swift */ = {isa = PBXFileReference; lastKnownFileType = sourcecode.swift; path = ArticleModel.swift; sourceTree = "<group>"; };
		CE3C1B4426296BEF0040C259 /* LoginMovieViewController.swift */ = {isa = PBXFileReference; lastKnownFileType = sourcecode.swift; path = LoginMovieViewController.swift; sourceTree = "<group>"; };
		CE3C1B4A262970840040C259 /* start.mov */ = {isa = PBXFileReference; lastKnownFileType = video.quicktime; path = start.mov; sourceTree = "<group>"; };
		CE47D0EE26294BC4009F0B82 /* 2.json */ = {isa = PBXFileReference; fileEncoding = 4; lastKnownFileType = text.json; path = 2.json; sourceTree = "<group>"; };
		CE47D0EF26294BC4009F0B82 /* 4.json */ = {isa = PBXFileReference; fileEncoding = 4; lastKnownFileType = text.json; path = 4.json; sourceTree = "<group>"; };
		CE47D0F026294BC4009F0B82 /* 5.json */ = {isa = PBXFileReference; fileEncoding = 4; lastKnownFileType = text.json; path = 5.json; sourceTree = "<group>"; };
		CE47D0F126294BC5009F0B82 /* 1.json */ = {isa = PBXFileReference; fileEncoding = 4; lastKnownFileType = text.json; path = 1.json; sourceTree = "<group>"; };
		CE47D0F226294BC5009F0B82 /* 3.json */ = {isa = PBXFileReference; fileEncoding = 4; lastKnownFileType = text.json; path = 3.json; sourceTree = "<group>"; };
		CE47D0FA26294C48009F0B82 /* IntroViewController.swift */ = {isa = PBXFileReference; lastKnownFileType = sourcecode.swift; path = IntroViewController.swift; sourceTree = "<group>"; };
		CE47FCD9263BDEB100DDC1A6 /* Alamofire.xcframework */ = {isa = PBXFileReference; lastKnownFileType = wrapper.xcframework; name = Alamofire.xcframework; path = Carthage/Build/Alamofire.xcframework; sourceTree = "<group>"; };
		CEB0745F2629B84C000E9D0F /* HomeViewController.swift */ = {isa = PBXFileReference; lastKnownFileType = sourcecode.swift; path = HomeViewController.swift; sourceTree = "<group>"; };
		CEB074662629BB7C000E9D0F /* NewsPageViewController.swift */ = {isa = PBXFileReference; lastKnownFileType = sourcecode.swift; path = NewsPageViewController.swift; sourceTree = "<group>"; };
		CEB0746C2629D0D0000E9D0F /* WebViewController.swift */ = {isa = PBXFileReference; lastKnownFileType = sourcecode.swift; path = WebViewController.swift; sourceTree = "<group>"; };
		CEC42F4C264A3563009FD7A5 /* URLModel.swift */ = {isa = PBXFileReference; fileEncoding = 4; lastKnownFileType = sourcecode.swift; name = URLModel.swift; path = Swift5IntroApp1/Model/URLModel.swift; sourceTree = SOURCE_ROOT; };
		CEECE8DE264A583D003A8343 /* TitleInSwitcherModel.swift */ = {isa = PBXFileReference; lastKnownFileType = sourcecode.swift; path = TitleInSwitcherModel.swift; sourceTree = "<group>"; };
		DB2CACB753C081A9A16EEBD8 /* Pods-Swift5IntroApp1.release.xcconfig */ = {isa = PBXFileReference; includeInIndex = 1; lastKnownFileType = text.xcconfig; name = "Pods-Swift5IntroApp1.release.xcconfig"; path = "Target Support Files/Pods-Swift5IntroApp1/Pods-Swift5IntroApp1.release.xcconfig"; sourceTree = "<group>"; };
/* End PBXFileReference section */

/* Begin PBXFrameworksBuildPhase section */
		CE0C11AA262421D700D24B86 /* Frameworks */ = {
			isa = PBXFrameworksBuildPhase;
			buildActionMask = 2147483647;
			files = (
				CE923EE0264B636C0091E714 /* Alamofire.xcframework in Frameworks */,
				0DD06C58047C7FE84252F275 /* Pods_Swift5IntroApp1.framework in Frameworks */,
			);
			runOnlyForDeploymentPostprocessing = 0;
		};
/* End PBXFrameworksBuildPhase section */

/* Begin PBXGroup section */
		91313B5A4250FA41BCAFCC16 /* Pods */ = {
			isa = PBXGroup;
			children = (
				AF85A3D3A714EEDB0CE3D457 /* Pods-Swift5IntroApp1.debug.xcconfig */,
				DB2CACB753C081A9A16EEBD8 /* Pods-Swift5IntroApp1.release.xcconfig */,
			);
			path = Pods;
			sourceTree = "<group>";
		};
		C8BF73DE33EF6D81B1F2DF24 /* Frameworks */ = {
			isa = PBXGroup;
			children = (
				CE47FCD9263BDEB100DDC1A6 /* Alamofire.xcframework */,
				35C9D103E8C377D264FB49FE /* Pods_Swift5IntroApp1.framework */,
			);
			name = Frameworks;
			sourceTree = "<group>";
		};
		CE0C11A4262421D700D24B86 = {
			isa = PBXGroup;
			children = (
				CE0C11AF262421D700D24B86 /* Swift5IntroApp1 */,
				CE0C11AE262421D700D24B86 /* Products */,
				91313B5A4250FA41BCAFCC16 /* Pods */,
				C8BF73DE33EF6D81B1F2DF24 /* Frameworks */,
			);
			sourceTree = "<group>";
		};
		CE0C11AE262421D700D24B86 /* Products */ = {
			isa = PBXGroup;
			children = (
				CE0C11AD262421D700D24B86 /* Swift5IntroApp1.app */,
			);
			name = Products;
			sourceTree = "<group>";
		};
		CE0C11AF262421D700D24B86 /* Swift5IntroApp1 */ = {
			isa = PBXGroup;
			children = (
				CE47D0EB26294B17009F0B82 /* Model */,
				CE47D0EC26294B21009F0B82 /* View */,
				CE47D0ED26294B2A009F0B82 /* Controller */,
				CE0C11BE262421DB00D24B86 /* Info.plist */,
				CE3C1B4A262970840040C259 /* start.mov */,
				CE47D0F126294BC5009F0B82 /* 1.json */,
				CE47D0EE26294BC4009F0B82 /* 2.json */,
				CE47D0F226294BC5009F0B82 /* 3.json */,
				CE47D0EF26294BC4009F0B82 /* 4.json */,
				CE47D0F026294BC4009F0B82 /* 5.json */,
			);
			path = Swift5IntroApp1;
			sourceTree = "<group>";
		};
		CE47D0EB26294B17009F0B82 /* Model */ = {
			isa = PBXGroup;
			children = (
				CEC42F4C264A3563009FD7A5 /* URLModel.swift */,
				CEECE8DE264A583D003A8343 /* TitleInSwitcherModel.swift */,
				CE1C3CA1264D46650047CFEE /* ArticleModel.swift */,
			);
			path = Model;
			sourceTree = "<group>";
		};
		CE47D0EC26294B21009F0B82 /* View */ = {
			isa = PBXGroup;
			children = (
				CE0C11B6262421D700D24B86 /* Main.storyboard */,
				CE0C11B9262421DB00D24B86 /* Assets.xcassets */,
				CE0C11BB262421DB00D24B86 /* LaunchScreen.storyboard */,
			);
			path = View;
			sourceTree = "<group>";
		};
		CE47D0ED26294B2A009F0B82 /* Controller */ = {
			isa = PBXGroup;
			children = (
				CE0C11B0262421D700D24B86 /* AppDelegate.swift */,
				CE0C11B2262421D700D24B86 /* SceneDelegate.swift */,
				CE47D0FA26294C48009F0B82 /* IntroViewController.swift */,
				CE3C1B4426296BEF0040C259 /* LoginMovieViewController.swift */,
				CEB0745F2629B84C000E9D0F /* HomeViewController.swift */,
				CEB074662629BB7C000E9D0F /* NewsPageViewController.swift */,
				CEB0746C2629D0D0000E9D0F /* WebViewController.swift */,
			);
			path = Controller;
			sourceTree = "<group>";
		};
/* End PBXGroup section */

/* Begin PBXNativeTarget section */
		CE0C11AC262421D700D24B86 /* Swift5IntroApp1 */ = {
			isa = PBXNativeTarget;
			buildConfigurationList = CE0C11C1262421DB00D24B86 /* Build configuration list for PBXNativeTarget "Swift5IntroApp1" */;
			buildPhases = (
				A3519CA4206547669DF73911 /* [CP] Check Pods Manifest.lock */,
				CE0C11A9262421D700D24B86 /* Sources */,
				CE0C11AA262421D700D24B86 /* Frameworks */,
				CE0C11AB262421D700D24B86 /* Resources */,
				B69B5ECC7718D59E3592AC7F /* [CP] Embed Pods Frameworks */,
				CE923EDF264B635C0091E714 /* Embed Frameworks */,
			);
			buildRules = (
			);
			dependencies = (
			);
			name = Swift5IntroApp1;
			productName = Swift5IntroApp1;
			productReference = CE0C11AD262421D700D24B86 /* Swift5IntroApp1.app */;
			productType = "com.apple.product-type.application";
		};
/* End PBXNativeTarget section */

/* Begin PBXProject section */
		CE0C11A5262421D700D24B86 /* Project object */ = {
			isa = PBXProject;
			attributes = {
				LastSwiftUpdateCheck = 1240;
				LastUpgradeCheck = 1240;
				TargetAttributes = {
					CE0C11AC262421D700D24B86 = {
						CreatedOnToolsVersion = 12.4;
					};
				};
			};
			buildConfigurationList = CE0C11A8262421D700D24B86 /* Build configuration list for PBXProject "Swift5IntroApp1" */;
			compatibilityVersion = "Xcode 9.3";
			developmentRegion = en;
			hasScannedForEncodings = 0;
			knownRegions = (
				en,
				Base,
			);
			mainGroup = CE0C11A4262421D700D24B86;
			productRefGroup = CE0C11AE262421D700D24B86 /* Products */;
			projectDirPath = "";
			projectRoot = "";
			targets = (
				CE0C11AC262421D700D24B86 /* Swift5IntroApp1 */,
			);
		};
/* End PBXProject section */

/* Begin PBXResourcesBuildPhase section */
		CE0C11AB262421D700D24B86 /* Resources */ = {
			isa = PBXResourcesBuildPhase;
			buildActionMask = 2147483647;
			files = (
				CE47D0F626294BC5009F0B82 /* 1.json in Resources */,
				CE47D0F326294BC5009F0B82 /* 2.json in Resources */,
				CE47D0F726294BC5009F0B82 /* 3.json in Resources */,
				CE47D0F426294BC5009F0B82 /* 4.json in Resources */,
				CE47D0F526294BC5009F0B82 /* 5.json in Resources */,
				CE0C11BA262421DB00D24B86 /* Assets.xcassets in Resources */,
				CE3C1B4B262970840040C259 /* start.mov in Resources */,
				CE0C11B8262421D700D24B86 /* Main.storyboard in Resources */,
				CE0C11BD262421DB00D24B86 /* LaunchScreen.storyboard in Resources */,
			);
			runOnlyForDeploymentPostprocessing = 0;
		};
/* End PBXResourcesBuildPhase section */

/* Begin PBXShellScriptBuildPhase section */
		A3519CA4206547669DF73911 /* [CP] Check Pods Manifest.lock */ = {
			isa = PBXShellScriptBuildPhase;
			buildActionMask = 2147483647;
			files = (
			);
			inputFileListPaths = (
			);
			inputPaths = (
				"${PODS_PODFILE_DIR_PATH}/Podfile.lock",
				"${PODS_ROOT}/Manifest.lock",
			);
			name = "[CP] Check Pods Manifest.lock";
			outputFileListPaths = (
			);
			outputPaths = (
				"$(DERIVED_FILE_DIR)/Pods-Swift5IntroApp1-checkManifestLockResult.txt",
			);
			runOnlyForDeploymentPostprocessing = 0;
			shellPath = /bin/sh;
			shellScript = "diff \"${PODS_PODFILE_DIR_PATH}/Podfile.lock\" \"${PODS_ROOT}/Manifest.lock\" > /dev/null\nif [ $? != 0 ] ; then\n    # print error to STDERR\n    echo \"error: The sandbox is not in sync with the Podfile.lock. Run 'pod install' or update your CocoaPods installation.\" >&2\n    exit 1\nfi\n# This output is used by Xcode 'outputs' to avoid re-running this script phase.\necho \"SUCCESS\" > \"${SCRIPT_OUTPUT_FILE_0}\"\n";
			showEnvVarsInLog = 0;
		};
		B69B5ECC7718D59E3592AC7F /* [CP] Embed Pods Frameworks */ = {
			isa = PBXShellScriptBuildPhase;
			buildActionMask = 2147483647;
			files = (
			);
			inputFileListPaths = (
				"${PODS_ROOT}/Target Support Files/Pods-Swift5IntroApp1/Pods-Swift5IntroApp1-frameworks-${CONFIGURATION}-input-files.xcfilelist",
			);
			name = "[CP] Embed Pods Frameworks";
			outputFileListPaths = (
				"${PODS_ROOT}/Target Support Files/Pods-Swift5IntroApp1/Pods-Swift5IntroApp1-frameworks-${CONFIGURATION}-output-files.xcfilelist",
			);
			runOnlyForDeploymentPostprocessing = 0;
			shellPath = /bin/sh;
			shellScript = "\"${PODS_ROOT}/Target Support Files/Pods-Swift5IntroApp1/Pods-Swift5IntroApp1-frameworks.sh\"\n";
			showEnvVarsInLog = 0;
		};
/* End PBXShellScriptBuildPhase section */

/* Begin PBXSourcesBuildPhase section */
		CE0C11A9262421D700D24B86 /* Sources */ = {
			isa = PBXSourcesBuildPhase;
			buildActionMask = 2147483647;
			files = (
				CEECE8DF264A583D003A8343 /* TitleInSwitcherModel.swift in Sources */,
				CEB074602629B84C000E9D0F /* HomeViewController.swift in Sources */,
				CE47D0FB26294C48009F0B82 /* IntroViewController.swift in Sources */,
				CE3C1B4526296BEF0040C259 /* LoginMovieViewController.swift in Sources */,
				CEC42F4D264A3563009FD7A5 /* URLModel.swift in Sources */,
				CE0C11B1262421D700D24B86 /* AppDelegate.swift in Sources */,
				CEB074672629BB7C000E9D0F /* NewsPageViewController.swift in Sources */,
				CE0C11B3262421D700D24B86 /* SceneDelegate.swift in Sources */,
				CE1C3CA2264D46650047CFEE /* ArticleModel.swift in Sources */,
				CEB0746D2629D0D0000E9D0F /* WebViewController.swift in Sources */,
			);
			runOnlyForDeploymentPostprocessing = 0;
		};
/* End PBXSourcesBuildPhase section */

/* Begin PBXVariantGroup section */
		CE0C11B6262421D700D24B86 /* Main.storyboard */ = {
			isa = PBXVariantGroup;
			children = (
				CE0C11B7262421D700D24B86 /* Base */,
			);
			name = Main.storyboard;
			sourceTree = "<group>";
		};
		CE0C11BB262421DB00D24B86 /* LaunchScreen.storyboard */ = {
			isa = PBXVariantGroup;
			children = (
				CE0C11BC262421DB00D24B86 /* Base */,
			);
			name = LaunchScreen.storyboard;
			sourceTree = "<group>";
		};
/* End PBXVariantGroup section */

/* Begin XCBuildConfiguration section */
		CE0C11BF262421DB00D24B86 /* Debug */ = {
			isa = XCBuildConfiguration;
			buildSettings = {
				ALWAYS_SEARCH_USER_PATHS = NO;
				CLANG_ANALYZER_NONNULL = YES;
				CLANG_ANALYZER_NUMBER_OBJECT_CONVERSION = YES_AGGRESSIVE;
				CLANG_CXX_LANGUAGE_STANDARD = "gnu++14";
				CLANG_CXX_LIBRARY = "libc++";
				CLANG_ENABLE_MODULES = YES;
				CLANG_ENABLE_OBJC_ARC = YES;
				CLANG_ENABLE_OBJC_WEAK = YES;
				CLANG_WARN_BLOCK_CAPTURE_AUTORELEASING = YES;
				CLANG_WARN_BOOL_CONVERSION = YES;
				CLANG_WARN_COMMA = YES;
				CLANG_WARN_CONSTANT_CONVERSION = YES;
				CLANG_WARN_DEPRECATED_OBJC_IMPLEMENTATIONS = YES;
				CLANG_WARN_DIRECT_OBJC_ISA_USAGE = YES_ERROR;
				CLANG_WARN_DOCUMENTATION_COMMENTS = YES;
				CLANG_WARN_EMPTY_BODY = YES;
				CLANG_WARN_ENUM_CONVERSION = YES;
				CLANG_WARN_INFINITE_RECURSION = YES;
				CLANG_WARN_INT_CONVERSION = YES;
				CLANG_WARN_NON_LITERAL_NULL_CONVERSION = YES;
				CLANG_WARN_OBJC_IMPLICIT_RETAIN_SELF = YES;
				CLANG_WARN_OBJC_LITERAL_CONVERSION = YES;
				CLANG_WARN_OBJC_ROOT_CLASS = YES_ERROR;
				CLANG_WARN_QUOTED_INCLUDE_IN_FRAMEWORK_HEADER = YES;
				CLANG_WARN_RANGE_LOOP_ANALYSIS = YES;
				CLANG_WARN_STRICT_PROTOTYPES = YES;
				CLANG_WARN_SUSPICIOUS_MOVE = YES;
				CLANG_WARN_UNGUARDED_AVAILABILITY = YES_AGGRESSIVE;
				CLANG_WARN_UNREACHABLE_CODE = YES;
				CLANG_WARN__DUPLICATE_METHOD_MATCH = YES;
				COPY_PHASE_STRIP = NO;
				DEBUG_INFORMATION_FORMAT = dwarf;
				ENABLE_STRICT_OBJC_MSGSEND = YES;
				ENABLE_TESTABILITY = YES;
				GCC_C_LANGUAGE_STANDARD = gnu11;
				GCC_DYNAMIC_NO_PIC = NO;
				GCC_NO_COMMON_BLOCKS = YES;
				GCC_OPTIMIZATION_LEVEL = 0;
				GCC_PREPROCESSOR_DEFINITIONS = (
					"DEBUG=1",
					"$(inherited)",
				);
				GCC_WARN_64_TO_32_BIT_CONVERSION = YES;
				GCC_WARN_ABOUT_RETURN_TYPE = YES_ERROR;
				GCC_WARN_UNDECLARED_SELECTOR = YES;
				GCC_WARN_UNINITIALIZED_AUTOS = YES_AGGRESSIVE;
				GCC_WARN_UNUSED_FUNCTION = YES;
				GCC_WARN_UNUSED_VARIABLE = YES;
				IPHONEOS_DEPLOYMENT_TARGET = 14.4;
				MTL_ENABLE_DEBUG_INFO = INCLUDE_SOURCE;
				MTL_FAST_MATH = YES;
				ONLY_ACTIVE_ARCH = YES;
				SDKROOT = iphoneos;
				SWIFT_ACTIVE_COMPILATION_CONDITIONS = DEBUG;
				SWIFT_OPTIMIZATION_LEVEL = "-Onone";
			};
			name = Debug;
		};
		CE0C11C0262421DB00D24B86 /* Release */ = {
			isa = XCBuildConfiguration;
			buildSettings = {
				ALWAYS_SEARCH_USER_PATHS = NO;
				CLANG_ANALYZER_NONNULL = YES;
				CLANG_ANALYZER_NUMBER_OBJECT_CONVERSION = YES_AGGRESSIVE;
				CLANG_CXX_LANGUAGE_STANDARD = "gnu++14";
				CLANG_CXX_LIBRARY = "libc++";
				CLANG_ENABLE_MODULES = YES;
				CLANG_ENABLE_OBJC_ARC = YES;
				CLANG_ENABLE_OBJC_WEAK = YES;
				CLANG_WARN_BLOCK_CAPTURE_AUTORELEASING = YES;
				CLANG_WARN_BOOL_CONVERSION = YES;
				CLANG_WARN_COMMA = YES;
				CLANG_WARN_CONSTANT_CONVERSION = YES;
				CLANG_WARN_DEPRECATED_OBJC_IMPLEMENTATIONS = YES;
				CLANG_WARN_DIRECT_OBJC_ISA_USAGE = YES_ERROR;
				CLANG_WARN_DOCUMENTATION_COMMENTS = YES;
				CLANG_WARN_EMPTY_BODY = YES;
				CLANG_WARN_ENUM_CONVERSION = YES;
				CLANG_WARN_INFINITE_RECURSION = YES;
				CLANG_WARN_INT_CONVERSION = YES;
				CLANG_WARN_NON_LITERAL_NULL_CONVERSION = YES;
				CLANG_WARN_OBJC_IMPLICIT_RETAIN_SELF = YES;
				CLANG_WARN_OBJC_LITERAL_CONVERSION = YES;
				CLANG_WARN_OBJC_ROOT_CLASS = YES_ERROR;
				CLANG_WARN_QUOTED_INCLUDE_IN_FRAMEWORK_HEADER = YES;
				CLANG_WARN_RANGE_LOOP_ANALYSIS = YES;
				CLANG_WARN_STRICT_PROTOTYPES = YES;
				CLANG_WARN_SUSPICIOUS_MOVE = YES;
				CLANG_WARN_UNGUARDED_AVAILABILITY = YES_AGGRESSIVE;
				CLANG_WARN_UNREACHABLE_CODE = YES;
				CLANG_WARN__DUPLICATE_METHOD_MATCH = YES;
				COPY_PHASE_STRIP = NO;
				DEBUG_INFORMATION_FORMAT = "dwarf-with-dsym";
				ENABLE_NS_ASSERTIONS = NO;
				ENABLE_STRICT_OBJC_MSGSEND = YES;
				GCC_C_LANGUAGE_STANDARD = gnu11;
				GCC_NO_COMMON_BLOCKS = YES;
				GCC_WARN_64_TO_32_BIT_CONVERSION = YES;
				GCC_WARN_ABOUT_RETURN_TYPE = YES_ERROR;
				GCC_WARN_UNDECLARED_SELECTOR = YES;
				GCC_WARN_UNINITIALIZED_AUTOS = YES_AGGRESSIVE;
				GCC_WARN_UNUSED_FUNCTION = YES;
				GCC_WARN_UNUSED_VARIABLE = YES;
				IPHONEOS_DEPLOYMENT_TARGET = 14.4;
				MTL_ENABLE_DEBUG_INFO = NO;
				MTL_FAST_MATH = YES;
				SDKROOT = iphoneos;
				SWIFT_COMPILATION_MODE = wholemodule;
				SWIFT_OPTIMIZATION_LEVEL = "-O";
				VALIDATE_PRODUCT = YES;
			};
			name = Release;
		};
		CE0C11C2262421DB00D24B86 /* Debug */ = {
			isa = XCBuildConfiguration;
			baseConfigurationReference = AF85A3D3A714EEDB0CE3D457 /* Pods-Swift5IntroApp1.debug.xcconfig */;
			buildSettings = {
				ASSETCATALOG_COMPILER_APPICON_NAME = AppIcon;
				ASSETCATALOG_COMPILER_GLOBAL_ACCENT_COLOR_NAME = AccentColor;
				CODE_SIGN_STYLE = Automatic;
				DEVELOPMENT_TEAM = 95F386KH36;
				INFOPLIST_FILE = Swift5IntroApp1/Info.plist;
				LD_RUNPATH_SEARCH_PATHS = (
					"$(inherited)",
					"@executable_path/Frameworks",
				);
				PRODUCT_BUNDLE_IDENTIFIER = com.kobashou06.Swift5IntroApp1;
				PRODUCT_NAME = "$(TARGET_NAME)";
				SWIFT_VERSION = 5.0;
				TARGETED_DEVICE_FAMILY = "1,2";
			};
			name = Debug;
		};
		CE0C11C3262421DB00D24B86 /* Release */ = {
			isa = XCBuildConfiguration;
			baseConfigurationReference = DB2CACB753C081A9A16EEBD8 /* Pods-Swift5IntroApp1.release.xcconfig */;
			buildSettings = {
				ASSETCATALOG_COMPILER_APPICON_NAME = AppIcon;
				ASSETCATALOG_COMPILER_GLOBAL_ACCENT_COLOR_NAME = AccentColor;
				CODE_SIGN_STYLE = Automatic;
				DEVELOPMENT_TEAM = 95F386KH36;
				INFOPLIST_FILE = Swift5IntroApp1/Info.plist;
				LD_RUNPATH_SEARCH_PATHS = (
					"$(inherited)",
					"@executable_path/Frameworks",
				);
				PRODUCT_BUNDLE_IDENTIFIER = com.kobashou06.Swift5IntroApp1;
				PRODUCT_NAME = "$(TARGET_NAME)";
				SWIFT_VERSION = 5.0;
				TARGETED_DEVICE_FAMILY = "1,2";
			};
			name = Release;
		};
/* End XCBuildConfiguration section */

/* Begin XCConfigurationList section */
		CE0C11A8262421D700D24B86 /* Build configuration list for PBXProject "Swift5IntroApp1" */ = {
			isa = XCConfigurationList;
			buildConfigurations = (
				CE0C11BF262421DB00D24B86 /* Debug */,
				CE0C11C0262421DB00D24B86 /* Release */,
			);
			defaultConfigurationIsVisible = 0;
			defaultConfigurationName = Release;
		};
		CE0C11C1262421DB00D24B86 /* Build configuration list for PBXNativeTarget "Swift5IntroApp1" */ = {
			isa = XCConfigurationList;
			buildConfigurations = (
				CE0C11C2262421DB00D24B86 /* Debug */,
				CE0C11C3262421DB00D24B86 /* Release */,
			);
			defaultConfigurationIsVisible = 0;
			defaultConfigurationName = Release;
		};
/* End XCConfigurationList section */
	};
	rootObject = CE0C11A5262421D700D24B86 /* Project object */;
}
